{
  "name": "testOri",
  "lockfileVersion": 3,
  "requires": true,
  "packages": {
    "": {
      "dependencies": {
        "@hmscore/hms-jsb-account": "^6.5.300"
      }
    },
    "node_modules/@hmscore/hms-jsb-account": {
      "version": "6.5.300",
      "resolved": "https://registry.npmjs.org/@hmscore/hms-jsb-account/-/hms-jsb-account-6.5.300.tgz",
      "integrity": "sha512-DYTKoWfDUNcENTkS+fvHFPvN+HdbMzt0/CU3+uwSXqNLh2IuGZkRDC1GNLdEU4yNxc++H4IhHiPOKoqEA7gHqQ==",
      "license": "ISC",
      "dependencies": {
        "@hw-hmscore/hms-js-base": "6.4.0-301"
      }
    },
    "node_modules/@hw-hmscore/hms-js-base": {
      "version": "6.4.0-301",
      "resolved": "https://registry.npmjs.org/@hw-hmscore/hms-js-base/-/hms-js-base-6.4.0-301.tgz",
      "integrity": "sha512-EMD+WrUY7AF/pdd89YsNE7rpcLLxCv0H4Huoi/1WqkceeSg+szTF7w61LdBFyCD0rqOnyzgAgIx1M08AVg4l0Q==",
      "license": "the Apache 2.0 license"
    }
  }
}
